# This file was autogenerated by Stack.
# You should not edit this file by hand.
# For more information, please see the documentation at:
#   https://docs.haskellstack.org/en/stable/lock_files

packages:
- completed:
    hackage: haskell-src-exts-1.20.2@sha256:298fa85319dfa9a3584a89a8b49078d39e0e1390d28d87aaf173637287eeb73f,4441
    pantry-tree:
      sha256: 54144f8ca3bb90e326a64af5ca7fb63d5b807392fc9b20c378c8ddbe35683bea
      size: 92293
  original:
    hackage: haskell-src-exts-1.20.2
- completed:
    hackage: path-0.5.9@sha256:d0e884f2c49dfdc483f00527dd806324835e25693ed2616313a27589c75fdfe4,1183
    pantry-tree:
      sha256: 2e106fbb12f61867855ac35d2b09f77a6a73fe151165adb5d0da8a34c63df82a
      size: 413
  original:
    hackage: path-0.5.9
- completed:
    hackage: path-io-1.2.0@sha256:bf7a036207155e1b752828736f43541ad0c20a5e780cd17fdec823a5be07da83,3776
    pantry-tree:
      sha256: 0fec50bc7d47805f0a6b4f1a5437a95a7b243e356b0147c80a2c61989d4913e5
      size: 364
  original:
    hackage: path-io-1.2.0
snapshots:
- completed:
    sha256: 341870ac98d8a9f8f77c4adf2e9e0b22063e264a7fbeb4c85b7af5f380dac60e
    size: 527836
    url: https://raw.githubusercontent.com/commercialhaskell/stackage-snapshots/master/lts/11/22.yaml
  original: lts-11.22
